dependencies:
- name: insightedge-manager
  repository: file://../insightedge-manager
  version: "14.5"
- name: insightedge-pu
  repository: file://../insightedge-pu
  version: "14.5"
- name: insightedge-zeppelin
  repository: file://../insightedge-zeppelin
  version: "14.5"
digest: sha256:b7d1114e8bf2eab4140ac620accf82c1f3aa68c45f2ad1ecd0c8b414cd82d75b
generated: 2019-06-30T12:20:19.387632695Z
